
Microsoft Visual Studio Solution File, Format Version 12.00
# Visual Studio Version 17
VisualStudioVersion = 17.2.32526.322
MinimumVisualStudioVersion = 10.0.40219.1
Project("{9A19103F-16F7-4668-BE54-9A1E7A4F7556}") = "Telstra.Twins", "Telstra.Twins\Telstra.Twins.csproj", "{C1F33CDE-6D9F-4533-97DA-4168525D48B7}"
EndProject
Project("{9A19103F-16F7-4668-BE54-9A1E7A4F7556}") = "Telstra.Twins.Common", "Telstra.Twins.Common\Telstra.Twins.Common.csproj", "{0B3217F0-CF2D-479B-ADB9-3FB58A1845DE}"
EndProject
Project("{2150E333-8FDC-42A3-9474-1A3956D46DE8}") = "Tests", "Tests", "{D8068994-FDA6-41F1-9196-59AADA892F11}"
EndProject
Project("{9A19103F-16F7-4668-BE54-9A1E7A4F7556}") = "Telstra.Twins.Test", "Tests\Telstra.Twins.Test\Telstra.Twins.Test.csproj", "{4E5BF74D-C0EF-4D13-872C-F40FC347AD67}"
EndProject
Project("{2150E333-8FDC-42A3-9474-1A3956D46DE8}") = "Solution Items", "Solution Items", "{2249F79B-DD17-4FAF-91B7-3E69A5E9546C}"
	ProjectSection(SolutionItems) = preProject
		azure-pipelines.yml = azure-pipelines.yml
		CODE-OF-CONDUCT.md = CODE-OF-CONDUCT.md
		LICENSE.md = LICENSE.md
		README.md = README.md
	EndProjectSection
EndProject
Global
	GlobalSection(SolutionConfigurationPlatforms) = preSolution
		Debug|Any CPU = Debug|Any CPU
		Debug|x64 = Debug|x64
		Debug|x86 = Debug|x86
		Release|Any CPU = Release|Any CPU
		Release|x64 = Release|x64
		Release|x86 = Release|x86
	EndGlobalSection
	GlobalSection(ProjectConfigurationPlatforms) = postSolution
		{C1F33CDE-6D9F-4533-97DA-4168525D48B7}.Debug|Any CPU.ActiveCfg = Debug|Any CPU
		{C1F33CDE-6D9F-4533-97DA-4168525D48B7}.Debug|Any CPU.Build.0 = Debug|Any CPU
		{C1F33CDE-6D9F-4533-97DA-4168525D48B7}.Debug|x64.ActiveCfg = Debug|Any CPU
		{C1F33CDE-6D9F-4533-97DA-4168525D48B7}.Debug|x64.Build.0 = Debug|Any CPU
		{C1F33CDE-6D9F-4533-97DA-4168525D48B7}.Debug|x86.ActiveCfg = Debug|Any CPU
		{C1F33CDE-6D9F-4533-97DA-4168525D48B7}.Debug|x86.Build.0 = Debug|Any CPU
		{C1F33CDE-6D9F-4533-97DA-4168525D48B7}.Release|Any CPU.ActiveCfg = Release|Any CPU
		{C1F33CDE-6D9F-4533-97DA-4168525D48B7}.Release|Any CPU.Build.0 = Release|Any CPU
		{C1F33CDE-6D9F-4533-97DA-4168525D48B7}.Release|x64.ActiveCfg = Release|Any CPU
		{C1F33CDE-6D9F-4533-97DA-4168525D48B7}.Release|x64.Build.0 = Release|Any CPU
		{C1F33CDE-6D9F-4533-97DA-4168525D48B7}.Release|x86.ActiveCfg = Release|Any CPU
		{C1F33CDE-6D9F-4533-97DA-4168525D48B7}.Release|x86.Build.0 = Release|Any CPU
		{0B3217F0-CF2D-479B-ADB9-3FB58A1845DE}.Debug|Any CPU.ActiveCfg = Debug|Any CPU
		{0B3217F0-CF2D-479B-ADB9-3FB58A1845DE}.Debug|Any CPU.Build.0 = Debug|Any CPU
		{0B3217F0-CF2D-479B-ADB9-3FB58A1845DE}.Debug|x64.ActiveCfg = Debug|Any CPU
		{0B3217F0-CF2D-479B-ADB9-3FB58A1845DE}.Debug|x64.Build.0 = Debug|Any CPU
		{0B3217F0-CF2D-479B-ADB9-3FB58A1845DE}.Debug|x86.ActiveCfg = Debug|Any CPU
		{0B3217F0-CF2D-479B-ADB9-3FB58A1845DE}.Debug|x86.Build.0 = Debug|Any CPU
		{0B3217F0-CF2D-479B-ADB9-3FB58A1845DE}.Release|Any CPU.ActiveCfg = Release|Any CPU
		{0B3217F0-CF2D-479B-ADB9-3FB58A1845DE}.Release|Any CPU.Build.0 = Release|Any CPU
		{0B3217F0-CF2D-479B-ADB9-3FB58A1845DE}.Release|x64.ActiveCfg = Release|Any CPU
		{0B3217F0-CF2D-479B-ADB9-3FB58A1845DE}.Release|x64.Build.0 = Release|Any CPU
		{0B3217F0-CF2D-479B-ADB9-3FB58A1845DE}.Release|x86.ActiveCfg = Release|Any CPU
		{0B3217F0-CF2D-479B-ADB9-3FB58A1845DE}.Release|x86.Build.0 = Release|Any CPU
		{4E5BF74D-C0EF-4D13-872C-F40FC347AD67}.Debug|Any CPU.ActiveCfg = Debug|Any CPU
		{4E5BF74D-C0EF-4D13-872C-F40FC347AD67}.Debug|Any CPU.Build.0 = Debug|Any CPU
		{4E5BF74D-C0EF-4D13-872C-F40FC347AD67}.Debug|x64.ActiveCfg = Debug|Any CPU
		{4E5BF74D-C0EF-4D13-872C-F40FC347AD67}.Debug|x64.Build.0 = Debug|Any CPU
		{4E5BF74D-C0EF-4D13-872C-F40FC347AD67}.Debug|x86.ActiveCfg = Debug|Any CPU
		{4E5BF74D-C0EF-4D13-872C-F40FC347AD67}.Debug|x86.Build.0 = Debug|Any CPU
		{4E5BF74D-C0EF-4D13-872C-F40FC347AD67}.Release|Any CPU.ActiveCfg = Release|Any CPU
		{4E5BF74D-C0EF-4D13-872C-F40FC347AD67}.Release|Any CPU.Build.0 = Release|Any CPU
		{4E5BF74D-C0EF-4D13-872C-F40FC347AD67}.Release|x64.ActiveCfg = Release|Any CPU
		{4E5BF74D-C0EF-4D13-872C-F40FC347AD67}.Release|x64.Build.0 = Release|Any CPU
		{4E5BF74D-C0EF-4D13-872C-F40FC347AD67}.Release|x86.ActiveCfg = Release|Any CPU
		{4E5BF74D-C0EF-4D13-872C-F40FC347AD67}.Release|x86.Build.0 = Release|Any CPU
	EndGlobalSection
	GlobalSection(SolutionProperties) = preSolution
		HideSolutionNode = FALSE
	EndGlobalSection
	GlobalSection(NestedProjects) = preSolution
		{4E5BF74D-C0EF-4D13-872C-F40FC347AD67} = {D8068994-FDA6-41F1-9196-59AADA892F11}
	EndGlobalSection
	GlobalSection(ExtensibilityGlobals) = postSolution
		SolutionGuid = {DE42B8B0-5349-42EF-B007-BD7CB8A2B1E6}
	EndGlobalSection
EndGlobal
